# THIS IS AN AUTOGENERATED FILE. DO NOT EDIT THIS FILE DIRECTLY.
# yarn lockfile v1


"@devexpress/dx-grid-core@2.6.4":
  version "2.6.4"
  resolved "https://registry.yarnpkg.com/@devexpress/dx-grid-core/-/dx-grid-core-2.6.4.tgz#ee11d468b15e7cb8250ca9c17dcdf1e2ba7d5671"
  integrity sha512-7z2L/9N9e+uxGEwv/aLac3oJ8Sg+JE7BixK8q4H5ftezi6JyqI2D9YP7p4AfCDJu7z+nanzSjQzO2h/Jf3kJrQ==

"@devexpress/dx-react-grid-material-ui@^2.6.4":
  version "2.6.4"
  resolved "https://registry.yarnpkg.com/@devexpress/dx-react-grid-material-ui/-/dx-react-grid-material-ui-2.6.4.tgz#c4bdd799b89d5314f2a03515643df6f63610e108"
  integrity sha512-FJvEKlbN2aqWdONaoe5EITLq2knV6o6NTxPHKu8XNwm30x+0qhjmfrctkogLTuxk2NTFgkCtjhKLYWjbNIZC7w==
  dependencies:
    clsx "^1.0.4"
    prop-types "^15.7.2"

"@devexpress/dx-react-grid@^2.6.4":
  version "2.6.4"
  resolved "https://registry.yarnpkg.com/@devexpress/dx-react-grid/-/dx-react-grid-2.6.4.tgz#0ebc9e7c6e62b3ea0aae174cc97288305939a483"
  integrity sha512-waO8Z9BplWVIbDwiSRCha80r84J5LUr9FLRWPp/9Mu0kXV3a4/2lBi1xOTynztrLHtvZpJu8Ldjuvm2RWZPhaA==
  dependencies:
    "@devexpress/dx-grid-core" "2.6.4"

"@types/prop-types@*":
  version "15.7.3"
  resolved "https://registry.yarnpkg.com/@types/prop-types/-/prop-types-15.7.3.tgz#2ab0d5da2e5815f94b0b9d4b95d1e5f243ab2ca7"
  integrity sha512-KfRL3PuHmqQLOG+2tGpRO26Ctg+Cq1E01D2DMriKEATHgWLfeNDmq9e29Q9WIky0dQ3NPkd1mzYH8Lm936Z9qw==

"@types/react@^16.9.38":
  version "16.9.38"
  resolved "https://registry.yarnpkg.com/@types/react/-/react-16.9.38.tgz#868405dace93a4095d3e054f4c4a1de7a1ac0680"
  integrity sha512-pHAeZbjjNRa/hxyNuLrvbxhhnKyKNiLC6I5fRF2Zr/t/S6zS41MiyzH4+c+1I9vVfvuRt1VS2Lodjr4ZWnxrdA==
  dependencies:
    "@types/prop-types" "*"
    csstype "^2.2.0"

clsx@^1.0.4:
  version "1.1.1"
  resolved "https://registry.yarnpkg.com/clsx/-/clsx-1.1.1.tgz#98b3134f9abbdf23b2663491ace13c5c03a73188"
  integrity sha512-6/bPho624p3S2pMyvP5kKBPXnI3ufHLObBFCfgx+LkeR5lg2XYy2hqZqUf45ypD8COn2bhgGJSUE+l5dhNBieA==

csstype@^2.2.0:
  version "2.6.10"
  resolved "https://registry.yarnpkg.com/csstype/-/csstype-2.6.10.tgz#e63af50e66d7c266edb6b32909cfd0aabe03928b"
  integrity sha512-D34BqZU4cIlMCY93rZHbrq9pjTAQJ3U8S8rfBqjwHxkGPThWFjzZDQpgMJY0QViLxth6ZKYiwFBo14RdN44U/w==

"js-tokens@^3.0.0 || ^4.0.0":
  version "4.0.0"
  resolved "https://registry.yarnpkg.com/js-tokens/-/js-tokens-4.0.0.tgz#19203fb59991df98e3a287050d4647cdeaf32499"
  integrity sha512-RdJUflcE3cUzKiMqQgsCu06FPu9UdIJO0beYbPhHN4k6apgJtifcoCtT9bcxOpYBtpD2kCM6Sbzg4CausW/PKQ==

loose-envify@^1.1.0, loose-envify@^1.4.0:
  version "1.4.0"
  resolved "https://registry.yarnpkg.com/loose-envify/-/loose-envify-1.4.0.tgz#71ee51fa7be4caec1a63839f7e682d8132d30caf"
  integrity sha512-lyuxPGr/Wfhrlem2CL/UcnUc1zcqKAImBDzukY7Y5F/yQiNdko6+fRLevlw1HgMySw7f611UIY408EtxRSoK3Q==
  dependencies:
    js-tokens "^3.0.0 || ^4.0.0"

object-assign@^4.1.1:
  version "4.1.1"
  resolved "https://registry.yarnpkg.com/object-assign/-/object-assign-4.1.1.tgz#2109adc7965887cfc05cbbd442cac8bfbb360863"
  integrity sha1-IQmtx5ZYh8/AXLvUQsrIv7s2CGM=

postinstall-build@^5.0.3:
  version "5.0.3"
  resolved "https://registry.yarnpkg.com/postinstall-build/-/postinstall-build-5.0.3.tgz#238692f712a481d8f5bc8960e94786036241efc7"
  integrity sha512-vPvPe8TKgp4FLgY3+DfxCE5PIfoXBK2lyLfNCxsRbDsV6vS4oU5RG/IWxrblMn6heagbnMED3MemUQllQ2bQUg==

prop-types@^15.6.2, prop-types@^15.7.2:
  version "15.7.2"
  resolved "https://registry.yarnpkg.com/prop-types/-/prop-types-15.7.2.tgz#52c41e75b8c87e72b9d9360e0206b99dcbffa6c5"
  integrity sha512-8QQikdH7//R2vurIJSutZ1smHYTcLpRWEOlHnzcWHmBYrOGUysKwSsrC89BCiFj3CbrfJ/nXFdJepOVrY1GCHQ==
  dependencies:
    loose-envify "^1.4.0"
    object-assign "^4.1.1"
    react-is "^16.8.1"

react-is@^16.8.1:
  version "16.13.1"
  resolved "https://registry.yarnpkg.com/react-is/-/react-is-16.13.1.tgz#789729a4dc36de2999dc156dd6c1d9c18cea56a4"
  integrity sha512-24e6ynE2H+OKt4kqsOvNd8kBpV65zoxbA4BVsEOB3ARVWQki/DHzaUoC5KuON/BiccDaCCTZBuOcfZs70kR8bQ==

react@^16.13.1:
  version "16.13.1"
  resolved "https://registry.yarnpkg.com/react/-/react-16.13.1.tgz#2e818822f1a9743122c063d6410d85c1e3afe48e"
  integrity sha512-YMZQQq32xHLX0bz5Mnibv1/LHb3Sqzngu7xstSM+vrkE5Kzr9xE0yMByK5kMoTK30YVJE61WfbxIFFvfeDKT1w==
  dependencies:
    loose-envify "^1.1.0"
    object-assign "^4.1.1"
    prop-types "^15.6.2"

typescript@^3.9.5:
  version "3.9.5"
  resolved "https://registry.yarnpkg.com/typescript/-/typescript-3.9.5.tgz#586f0dba300cde8be52dd1ac4f7e1009c1b13f36"
  integrity sha512-hSAifV3k+i6lEoCJ2k6R2Z/rp/H3+8sdmcn5NrS3/3kE7+RyZXm9aqvxWqjEXHAd8b0pShatpcdMTvEdvAJltQ==
